
Microsoft Visual Studio Solution File, Format Version 12.00
# Visual Studio Version 17
VisualStudioVersion = 17.11.35303.130
MinimumVisualStudioVersion = 10.0.40219.1
Project("{FAE04EC0-301F-11D3-BF4B-00C04F79EFBC}") = "PP-Types", "PP-Types\PP-Types.csproj", "{35848496-BDF2-4DA9-8C10-A4F96F7F0D87}"
EndProject
Global
	GlobalSection(SolutionConfigurationPlatforms) = preSolution
		Debug|Any CPU = Debug|Any CPU
		Release|Any CPU = Release|Any CPU
	EndGlobalSection
	GlobalSection(ProjectConfigurationPlatforms) = postSolution
		{35848496-BDF2-4DA9-8C10-A4F96F7F0D87}.Debug|Any CPU.ActiveCfg = Debug|Any CPU
		{35848496-BDF2-4DA9-8C10-A4F96F7F0D87}.Debug|Any CPU.Build.0 = Debug|Any CPU
		{35848496-BDF2-4DA9-8C10-A4F96F7F0D87}.Release|Any CPU.ActiveCfg = Release|Any CPU
		{35848496-BDF2-4DA9-8C10-A4F96F7F0D87}.Release|Any CPU.Build.0 = Release|Any CPU
	EndGlobalSection
	GlobalSection(SolutionProperties) = preSolution
		HideSolutionNode = FALSE
	EndGlobalSection
	GlobalSection(ExtensibilityGlobals) = postSolution
		SolutionGuid = {62CE7508-17D4-4782-9A21-421E06929E95}
	EndGlobalSection
EndGlobal
